
Microsoft Visual Studio Solution File, Format Version 12.00
# Visual Studio Version 16
VisualStudioVersion = 16.0.30517.126
MinimumVisualStudioVersion = 10.0.40219.1
Project("{FAE04EC0-301F-11D3-BF4B-00C04F79EFBC}") = "Sistema_Facturacion", "Sistema_Facturacion.csproj", "{11748A55-106D-469D-AD47-0691E8E96243}"
EndProject
Global
	GlobalSection(SolutionConfigurationPlatforms) = preSolution
		Debug|Any CPU = Debug|Any CPU
		Release|Any CPU = Release|Any CPU
	EndGlobalSection
	GlobalSection(ProjectConfigurationPlatforms) = postSolution
		{11748A55-106D-469D-AD47-0691E8E96243}.Debug|Any CPU.ActiveCfg = Debug|Any CPU
		{11748A55-106D-469D-AD47-0691E8E96243}.Debug|Any CPU.Build.0 = Debug|Any CPU
		{11748A55-106D-469D-AD47-0691E8E96243}.Release|Any CPU.ActiveCfg = Release|Any CPU
		{11748A55-106D-469D-AD47-0691E8E96243}.Release|Any CPU.Build.0 = Release|Any CPU
	EndGlobalSection
	GlobalSection(SolutionProperties) = preSolution
		HideSolutionNode = FALSE
	EndGlobalSection
	GlobalSection(ExtensibilityGlobals) = postSolution
		SolutionGuid = {F8C6D664-1D9A-4EDF-A6A0-EFA3D8FA03C6}
	EndGlobalSection
EndGlobal
